
Microsoft Visual Studio Solution File, Format Version 11.00
# Visual Studio 2010
Project("{FAE04EC0-301F-11D3-BF4B-00C04F79EFBC}") = "eManager.Domains", "eManager.Domains\eManager.Domains.csproj", "{ECDC9830-96A7-49C6-80BC-19F3A3E1617A}"
EndProject
Project("{FAE04EC0-301F-11D3-BF4B-00C04F79EFBC}") = "eManager.Web", "eManager.Web\eManager.Web.csproj", "{D24AEA3B-EBF9-49C6-BA42-99055A374815}"
EndProject
Project("{2150E333-8FDC-42A3-9474-1A3956D46DE8}") = ".nuget", ".nuget", "{47FC29AB-556A-4CE3-83D3-E63F36C5F93B}"
	ProjectSection(SolutionItems) = preProject
		.nuget\NuGet.Config = .nuget\NuGet.Config
		.nuget\NuGet.exe = .nuget\NuGet.exe
		.nuget\NuGet.targets = .nuget\NuGet.targets
	EndProjectSection
EndProject
Global
	GlobalSection(SolutionConfigurationPlatforms) = preSolution
		Debug|Any CPU = Debug|Any CPU
		Release|Any CPU = Release|Any CPU
	EndGlobalSection
	GlobalSection(ProjectConfigurationPlatforms) = postSolution
		{ECDC9830-96A7-49C6-80BC-19F3A3E1617A}.Debug|Any CPU.ActiveCfg = Debug|Any CPU
		{ECDC9830-96A7-49C6-80BC-19F3A3E1617A}.Debug|Any CPU.Build.0 = Debug|Any CPU
		{ECDC9830-96A7-49C6-80BC-19F3A3E1617A}.Release|Any CPU.ActiveCfg = Release|Any CPU
		{ECDC9830-96A7-49C6-80BC-19F3A3E1617A}.Release|Any CPU.Build.0 = Release|Any CPU
		{D24AEA3B-EBF9-49C6-BA42-99055A374815}.Debug|Any CPU.ActiveCfg = Debug|Any CPU
		{D24AEA3B-EBF9-49C6-BA42-99055A374815}.Debug|Any CPU.Build.0 = Debug|Any CPU
		{D24AEA3B-EBF9-49C6-BA42-99055A374815}.Release|Any CPU.ActiveCfg = Release|Any CPU
		{D24AEA3B-EBF9-49C6-BA42-99055A374815}.Release|Any CPU.Build.0 = Release|Any CPU
	EndGlobalSection
	GlobalSection(SolutionProperties) = preSolution
		HideSolutionNode = FALSE
	EndGlobalSection
EndGlobal
